lockfileVersion: '9.0'

settings:
  autoInstallPeers: true
  excludeLinksFromLockfile: false

importers:

  .:
    dependencies:
      lib0:
        specifier: ^0.2.108
        version: 0.2.108
      ws:
        specifier: ^8.18.2
        version: 8.18.2

packages:

  isomorphic.js@0.2.5:
    resolution: {integrity: sha512-PIeMbHqMt4DnUP3MA/Flc0HElYjMXArsw1qwJZcm9sqR8mq3l8NYizFMty0pWwE/tzIGH3EKK5+jes5mAr85yw==}

  lib0@0.2.108:
    resolution: {integrity: sha512-+3eK/B0SqYoZiQu9fNk4VEc6EX8cb0Li96tPGKgugzoGj/OdRdREtuTLvUW+mtinoB2mFiJjSqOJBIaMkAGhxQ==}
    engines: {node: '>=16'}
    hasBin: true

  ws@8.18.2:
    resolution: {integrity: sha512-DMricUmwGZUVr++AEAe2uiVM7UoO9MAVZMDu05UQOaUII0lp+zOzLLU4Xqh/JvTqklB1T4uELaaPBKyjE1r4fQ==}
    engines: {node: '>=10.0.0'}
    peerDependencies:
      bufferutil: ^4.0.1
      utf-8-validate: '>=5.0.2'
    peerDependenciesMeta:
      bufferutil:
        optional: true
      utf-8-validate:
        optional: true

snapshots:

  isomorphic.js@0.2.5: {}

  lib0@0.2.108:
    dependencies:
      isomorphic.js: 0.2.5

  ws@8.18.2: {}
